
Microsoft Visual Studio Solution File, Format Version 12.00
# Visual Studio Version 17
VisualStudioVersion = 17.8.34316.72
MinimumVisualStudioVersion = 10.0.40219.1
Project("{9A19103F-16F7-4668-BE54-9A1E7A4F7556}") = "KonsiApi", "KonsiApi\KonsiApi.csproj", "{43D322DE-C9BB-4C97-84E4-AD202092B53F}"
EndProject
Project("{FAE04EC0-301F-11D3-BF4B-00C04F79EFBC}") = "KonsiApi.Tests", "KonsiApi.Tests\KonsiApi.Tests.csproj", "{C4007AFF-62C6-439E-B54E-F150623FA307}"
EndProject
Global
	GlobalSection(SolutionConfigurationPlatforms) = preSolution
		Debug|Any CPU = Debug|Any CPU
		Release|Any CPU = Release|Any CPU
	EndGlobalSection
	GlobalSection(ProjectConfigurationPlatforms) = postSolution
		{43D322DE-C9BB-4C97-84E4-AD202092B53F}.Debug|Any CPU.ActiveCfg = Debug|Any CPU
		{43D322DE-C9BB-4C97-84E4-AD202092B53F}.Debug|Any CPU.Build.0 = Debug|Any CPU
		{43D322DE-C9BB-4C97-84E4-AD202092B53F}.Release|Any CPU.ActiveCfg = Release|Any CPU
		{43D322DE-C9BB-4C97-84E4-AD202092B53F}.Release|Any CPU.Build.0 = Release|Any CPU
		{C4007AFF-62C6-439E-B54E-F150623FA307}.Debug|Any CPU.ActiveCfg = Debug|Any CPU
		{C4007AFF-62C6-439E-B54E-F150623FA307}.Debug|Any CPU.Build.0 = Debug|Any CPU
		{C4007AFF-62C6-439E-B54E-F150623FA307}.Release|Any CPU.ActiveCfg = Release|Any CPU
		{C4007AFF-62C6-439E-B54E-F150623FA307}.Release|Any CPU.Build.0 = Release|Any CPU
	EndGlobalSection
	GlobalSection(SolutionProperties) = preSolution
		HideSolutionNode = FALSE
	EndGlobalSection
	GlobalSection(ExtensibilityGlobals) = postSolution
		SolutionGuid = {96C151AD-2803-41FD-8AAA-845080FB1FDF}
	EndGlobalSection
EndGlobal
